
Microsoft Visual Studio Solution File, Format Version 12.00
# Visual Studio Version 17
VisualStudioVersion = 17.8.34511.84
MinimumVisualStudioVersion = 10.0.40219.1
Project("{FAE04EC0-301F-11D3-BF4B-00C04F79EFBC}") = "ThietKeMenuChoUngDung", "ThietKeMenuChoUngDung\ThietKeMenuChoUngDung.csproj", "{45056B72-93D3-4232-A985-E0B34E0EE322}"
EndProject
Global
	GlobalSection(SolutionConfigurationPlatforms) = preSolution
		Debug|Any CPU = Debug|Any CPU
		Release|Any CPU = Release|Any CPU
	EndGlobalSection
	GlobalSection(ProjectConfigurationPlatforms) = postSolution
		{45056B72-93D3-4232-A985-E0B34E0EE322}.Debug|Any CPU.ActiveCfg = Debug|Any CPU
		{45056B72-93D3-4232-A985-E0B34E0EE322}.Debug|Any CPU.Build.0 = Debug|Any CPU
		{45056B72-93D3-4232-A985-E0B34E0EE322}.Release|Any CPU.ActiveCfg = Release|Any CPU
		{45056B72-93D3-4232-A985-E0B34E0EE322}.Release|Any CPU.Build.0 = Release|Any CPU
	EndGlobalSection
	GlobalSection(SolutionProperties) = preSolution
		HideSolutionNode = FALSE
	EndGlobalSection
	GlobalSection(ExtensibilityGlobals) = postSolution
		SolutionGuid = {AE28D32C-16A7-4CFD-876C-38233CA7C54F}
	EndGlobalSection
EndGlobal
